
Microsoft Visual Studio Solution File, Format Version 12.00
# Visual Studio 15
VisualStudioVersion = 15.0.27703.2042
MinimumVisualStudioVersion = 10.0.40219.1
Project("{FAE04EC0-301F-11D3-BF4B-00C04F79EFBC}") = "InterfacePractice", "InterfacePractice\InterfacePractice.csproj", "{F7BCC1E5-232D-456F-896B-AAE1BF66510A}"
EndProject
Global
	GlobalSection(SolutionConfigurationPlatforms) = preSolution
		Debug|Any CPU = Debug|Any CPU
		Release|Any CPU = Release|Any CPU
	EndGlobalSection
	GlobalSection(ProjectConfigurationPlatforms) = postSolution
		{F7BCC1E5-232D-456F-896B-AAE1BF66510A}.Debug|Any CPU.ActiveCfg = Debug|Any CPU
		{F7BCC1E5-232D-456F-896B-AAE1BF66510A}.Debug|Any CPU.Build.0 = Debug|Any CPU
		{F7BCC1E5-232D-456F-896B-AAE1BF66510A}.Release|Any CPU.ActiveCfg = Release|Any CPU
		{F7BCC1E5-232D-456F-896B-AAE1BF66510A}.Release|Any CPU.Build.0 = Release|Any CPU
	EndGlobalSection
	GlobalSection(SolutionProperties) = preSolution
		HideSolutionNode = FALSE
	EndGlobalSection
	GlobalSection(ExtensibilityGlobals) = postSolution
		SolutionGuid = {DEAFF4C9-3654-4C9D-9FBF-64049CD0679B}
	EndGlobalSection
EndGlobal
